
Microsoft Visual Studio Solution File, Format Version 12.00
# Visual Studio Version 16
VisualStudioVersion = 16.0.32929.386
MinimumVisualStudioVersion = 10.0.40219.1
Project("{FAE04EC0-301F-11D3-BF4B-00C04F79EFBC}") = "Ex10 6b", "Ex10 6b\Ex10 6b.csproj", "{1F05C721-9578-4C47-B907-9046F79814EE}"
EndProject
Project("{FAE04EC0-301F-11D3-BF4B-00C04F79EFBC}") = "Ex10.b", "Ex10.b\Ex10.b.csproj", "{59B14DDF-2929-498F-83C6-81C613FBF797}"
EndProject
Project("{FAE04EC0-301F-11D3-BF4B-00C04F79EFBC}") = "Ex01 examen DAW", "Ex01 examen DAW\Ex01 examen DAW.csproj", "{E26C162A-5E29-45A3-B391-94C052888399}"
EndProject
Global
	GlobalSection(SolutionConfigurationPlatforms) = preSolution
		Debug|Any CPU = Debug|Any CPU
		Release|Any CPU = Release|Any CPU
	EndGlobalSection
	GlobalSection(ProjectConfigurationPlatforms) = postSolution
		{1F05C721-9578-4C47-B907-9046F79814EE}.Debug|Any CPU.ActiveCfg = Debug|Any CPU
		{1F05C721-9578-4C47-B907-9046F79814EE}.Debug|Any CPU.Build.0 = Debug|Any CPU
		{1F05C721-9578-4C47-B907-9046F79814EE}.Release|Any CPU.ActiveCfg = Release|Any CPU
		{1F05C721-9578-4C47-B907-9046F79814EE}.Release|Any CPU.Build.0 = Release|Any CPU
		{59B14DDF-2929-498F-83C6-81C613FBF797}.Debug|Any CPU.ActiveCfg = Debug|Any CPU
		{59B14DDF-2929-498F-83C6-81C613FBF797}.Debug|Any CPU.Build.0 = Debug|Any CPU
		{59B14DDF-2929-498F-83C6-81C613FBF797}.Release|Any CPU.ActiveCfg = Release|Any CPU
		{59B14DDF-2929-498F-83C6-81C613FBF797}.Release|Any CPU.Build.0 = Release|Any CPU
		{E26C162A-5E29-45A3-B391-94C052888399}.Debug|Any CPU.ActiveCfg = Debug|Any CPU
		{E26C162A-5E29-45A3-B391-94C052888399}.Debug|Any CPU.Build.0 = Debug|Any CPU
		{E26C162A-5E29-45A3-B391-94C052888399}.Release|Any CPU.ActiveCfg = Release|Any CPU
		{E26C162A-5E29-45A3-B391-94C052888399}.Release|Any CPU.Build.0 = Release|Any CPU
	EndGlobalSection
	GlobalSection(SolutionProperties) = preSolution
		HideSolutionNode = FALSE
	EndGlobalSection
	GlobalSection(ExtensibilityGlobals) = postSolution
		SolutionGuid = {C156F5D8-2B5E-4D3E-8D74-5933484563F6}
	EndGlobalSection
EndGlobal
